{
  "name": "proto-buff-benchmark",
  "version": "1.0.0",
  "lockfileVersion": 3,
  "requires": true,
  "packages": {
    "": {
      "name": "proto-buff-benchmark",
      "version": "1.0.0",
      "license": "ISC",
      "dependencies": {
        "google-protobuf": "^3.21.4",
        "protoc-gen-js": "^3.21.4-4"
      }
    },
    "node_modules/adm-zip": {
      "version": "0.5.10",
      "resolved": "https://registry.npmjs.org/adm-zip/-/adm-zip-0.5.10.tgz",
      "integrity": "sha512-x0HvcHqVJNTPk/Bw8JbLWlWoo6Wwnsug0fnYYro1HBrjxZ3G7/AZk7Ahv8JwDe1uIcz8eBqvu86FuF1POiG7vQ==",
      "license": "MIT",
      "engines": {
        "node": ">=6.0"
      }
    },
    "node_modules/google-protobuf": {
      "version": "3.21.4",
      "resolved": "https://registry.npmjs.org/google-protobuf/-/google-protobuf-3.21.4.tgz",
      "integrity": "sha512-MnG7N936zcKTco4Jd2PX2U96Kf9PxygAPKBug+74LHzmHXmceN16MmRcdgZv+DGef/S9YvQAfRsNCn4cjf9yyQ==",
      "license": "(BSD-3-Clause AND Apache-2.0)"
    },
    "node_modules/protoc-gen-js": {
      "version": "3.21.4-4",
      "resolved": "https://registry.npmjs.org/protoc-gen-js/-/protoc-gen-js-3.21.4-4.tgz",
      "integrity": "sha512-BQUNVNm55pCiFl386SbAjM4D/S70N1jyZPKuTsb8RVibtn+FoiOdHlw4wG8DssvMRZTdI+DIL/WZYN3QBChurg==",
      "hasInstallScript": true,
      "license": "MIT",
      "dependencies": {
        "adm-zip": "0.5.10"
      },
      "bin": {
        "protoc-gen-js": "cli.js"
      }
    }
  }
}
